// !$*UTF8*$!
{
	archiveVersion = 1;
	classes = {
	};
	objectVersion = 50;
	objects = {

/* Begin PBXBuildFile section */
		2D237709239893EE006CE122 /* ItemView.swift in Sources */ = {isa = PBXBuildFile; fileRef = 2D237708239893EE006CE122 /* ItemView.swift */; };
		2D23770B2398944E006CE122 /* Date+Extenstion.swift in Sources */ = {isa = PBXBuildFile; fileRef = 2D23770A2398944E006CE122 /* Date+Extenstion.swift */; };
		2D3B5C7823989D4400E3A615 /* ItemListView.swift in Sources */ = {isa = PBXBuildFile; fileRef = 2D3B5C7723989D4400E3A615 /* ItemListView.swift */; };
		2D3B5C7A23989E0000E3A615 /* AddButton.swift in Sources */ = {isa = PBXBuildFile; fileRef = 2D3B5C7923989E0000E3A615 /* AddButton.swift */; };
		2D3B5C7C23989E9C00E3A615 /* TrailingView.swift in Sources */ = {isa = PBXBuildFile; fileRef = 2D3B5C7B23989E9C00E3A615 /* TrailingView.swift */; };
		2DB45DD9239873F5001834E7 /* AppDelegate.swift in Sources */ = {isa = PBXBuildFile; fileRef = 2DB45DD8239873F5001834E7 /* AppDelegate.swift */; };
		2DB45DDB239873F5001834E7 /* SceneDelegate.swift in Sources */ = {isa = PBXBuildFile; fileRef = 2DB45DDA239873F5001834E7 /* SceneDelegate.swift */; };
		2DB45DDD239873F5001834E7 /* ContentView.swift in Sources */ = {isa = PBXBuildFile; fileRef = 2DB45DDC239873F5001834E7 /* ContentView.swift */; };
		2DB45DDF239873F7001834E7 /* Assets.xcassets in Resources */ = {isa = PBXBuildFile; fileRef = 2DB45DDE239873F7001834E7 /* Assets.xcassets */; };
		2DB45DE2239873F7001834E7 /* Preview Assets.xcassets in Resources */ = {isa = PBXBuildFile; fileRef = 2DB45DE1239873F7001834E7 /* Preview Assets.xcassets */; };
		2DB45DE5239873F7001834E7 /* LaunchScreen.storyboard in Resources */ = {isa = PBXBuildFile; fileRef = 2DB45DE3239873F7001834E7 /* LaunchScreen.storyboard */; };
		2DB45DF0239873F7001834E7 /* shoppingListTests.swift in Sources */ = {isa = PBXBuildFile; fileRef = 2DB45DEF239873F7001834E7 /* shoppingListTests.swift */; };
		2DB45DFB2398746B001834E7 /* Item.swift in Sources */ = {isa = PBXBuildFile; fileRef = 2DB45DFA2398746B001834E7 /* Item.swift */; };
		2DB45DFD239874C4001834E7 /* Prority.swift in Sources */ = {isa = PBXBuildFile; fileRef = 2DB45DFC239874C4001834E7 /* Prority.swift */; };
		2DB45E0023987526001834E7 /* AppAction.swift in Sources */ = {isa = PBXBuildFile; fileRef = 2DB45DFF23987526001834E7 /* AppAction.swift */; };
		2DB45E02239875EB001834E7 /* AppState.swift in Sources */ = {isa = PBXBuildFile; fileRef = 2DB45E01239875EB001834E7 /* AppState.swift */; };
		2DB45E0423987615001834E7 /* AppReducer.swift in Sources */ = {isa = PBXBuildFile; fileRef = 2DB45E0323987615001834E7 /* AppReducer.swift */; };
		2DB45E0623987BFF001834E7 /* AppStore.swift in Sources */ = {isa = PBXBuildFile; fileRef = 2DB45E0523987BFF001834E7 /* AppStore.swift */; };
		2DB45E0A23988715001834E7 /* AddItemView.swift in Sources */ = {isa = PBXBuildFile; fileRef = 2DB45E0923988715001834E7 /* AddItemView.swift */; };
		6A3B0C652398C28400EE10D6 /* SortType.swift in Sources */ = {isa = PBXBuildFile; fileRef = 6A3B0C642398C28400EE10D6 /* SortType.swift */; };
		6A94BE7223B2F6B6009AB23A /* ItemTests.swift in Sources */ = {isa = PBXBuildFile; fileRef = 6A94BE7123B2F6B6009AB23A /* ItemTests.swift */; };
		6A94BE7423B2F888009AB23A /* AppActionTests.swift in Sources */ = {isa = PBXBuildFile; fileRef = 6A94BE7323B2F888009AB23A /* AppActionTests.swift */; };
		6A94BE7623B30075009AB23A /* AppStateTests.swift in Sources */ = {isa = PBXBuildFile; fileRef = 6A94BE7523B30075009AB23A /* AppStateTests.swift */; };
		6A94BE7823B302D7009AB23A /* AppReducerTests.swift in Sources */ = {isa = PBXBuildFile; fileRef = 6A94BE7723B302D7009AB23A /* AppReducerTests.swift */; };
		6A94BE7A23B320A4009AB23A /* AppStoreTests.swift in Sources */ = {isa = PBXBuildFile; fileRef = 6A94BE7923B320A4009AB23A /* AppStoreTests.swift */; };
/* End PBXBuildFile section */

/* Begin PBXContainerItemProxy section */
		2DB45DEC239873F7001834E7 /* PBXContainerItemProxy */ = {
			isa = PBXContainerItemProxy;
			containerPortal = 2DB45DCD239873F5001834E7 /* Project object */;
			proxyType = 1;
			remoteGlobalIDString = 2DB45DD4239873F5001834E7;
			remoteInfo = shoppingList;
		};
/* End PBXContainerItemProxy section */

/* Begin PBXFileReference section */
		2D237708239893EE006CE122 /* ItemView.swift */ = {isa = PBXFileReference; lastKnownFileType = sourcecode.swift; path = ItemView.swift; sourceTree = "<group>"; };
		2D23770A2398944E006CE122 /* Date+Extenstion.swift */ = {isa = PBXFileReference; lastKnownFileType = sourcecode.swift; path = "Date+Extenstion.swift"; sourceTree = "<group>"; };
		2D3B5C7723989D4400E3A615 /* ItemListView.swift */ = {isa = PBXFileReference; lastKnownFileType = sourcecode.swift; path = ItemListView.swift; sourceTree = "<group>"; };
		2D3B5C7923989E0000E3A615 /* AddButton.swift */ = {isa = PBXFileReference; lastKnownFileType = sourcecode.swift; path = AddButton.swift; sourceTree = "<group>"; };
		2D3B5C7B23989E9C00E3A615 /* TrailingView.swift */ = {isa = PBXFileReference; lastKnownFileType = sourcecode.swift; path = TrailingView.swift; sourceTree = "<group>"; };
		2DB45DD5239873F5001834E7 /* shoppingList.app */ = {isa = PBXFileReference; explicitFileType = wrapper.application; includeInIndex = 0; path = shoppingList.app; sourceTree = BUILT_PRODUCTS_DIR; };
		2DB45DD8239873F5001834E7 /* AppDelegate.swift */ = {isa = PBXFileReference; lastKnownFileType = sourcecode.swift; path = AppDelegate.swift; sourceTree = "<group>"; };
		2DB45DDA239873F5001834E7 /* SceneDelegate.swift */ = {isa = PBXFileReference; lastKnownFileType = sourcecode.swift; path = SceneDelegate.swift; sourceTree = "<group>"; };
		2DB45DDC239873F5001834E7 /* ContentView.swift */ = {isa = PBXFileReference; lastKnownFileType = sourcecode.swift; path = ContentView.swift; sourceTree = "<group>"; };
		2DB45DDE239873F7001834E7 /* Assets.xcassets */ = {isa = PBXFileReference; lastKnownFileType = folder.assetcatalog; path = Assets.xcassets; sourceTree = "<group>"; };
		2DB45DE1239873F7001834E7 /* Preview Assets.xcassets */ = {isa = PBXFileReference; lastKnownFileType = folder.assetcatalog; path = "Preview Assets.xcassets"; sourceTree = "<group>"; };
		2DB45DE4239873F7001834E7 /* Base */ = {isa = PBXFileReference; lastKnownFileType = file.storyboard; name = Base; path = Base.lproj/LaunchScreen.storyboard; sourceTree = "<group>"; };
		2DB45DE6239873F7001834E7 /* Info.plist */ = {isa = PBXFileReference; lastKnownFileType = text.plist.xml; path = Info.plist; sourceTree = "<group>"; };
		2DB45DEB239873F7001834E7 /* shoppingListTests.xctest */ = {isa = PBXFileReference; explicitFileType = wrapper.cfbundle; includeInIndex = 0; path = shoppingListTests.xctest; sourceTree = BUILT_PRODUCTS_DIR; };
		2DB45DEF239873F7001834E7 /* shoppingListTests.swift */ = {isa = PBXFileReference; lastKnownFileType = sourcecode.swift; path = shoppingListTests.swift; sourceTree = "<group>"; };
		2DB45DF1239873F7001834E7 /* Info.plist */ = {isa = PBXFileReference; lastKnownFileType = text.plist.xml; path = Info.plist; sourceTree = "<group>"; };
		2DB45DFA2398746B001834E7 /* Item.swift */ = {isa = PBXFileReference; lastKnownFileType = sourcecode.swift; path = Item.swift; sourceTree = "<group>"; };
		2DB45DFC239874C4001834E7 /* Prority.swift */ = {isa = PBXFileReference; lastKnownFileType = sourcecode.swift; path = Prority.swift; sourceTree = "<group>"; };
		2DB45DFF23987526001834E7 /* AppAction.swift */ = {isa = PBXFileReference; lastKnownFileType = sourcecode.swift; path = AppAction.swift; sourceTree = "<group>"; };
		2DB45E01239875EB001834E7 /* AppState.swift */ = {isa = PBXFileReference; lastKnownFileType = sourcecode.swift; path = AppState.swift; sourceTree = "<group>"; };
		2DB45E0323987615001834E7 /* AppReducer.swift */ = {isa = PBXFileReference; lastKnownFileType = sourcecode.swift; path = AppReducer.swift; sourceTree = "<group>"; };
		2DB45E0523987BFF001834E7 /* AppStore.swift */ = {isa = PBXFileReference; lastKnownFileType = sourcecode.swift; path = AppStore.swift; sourceTree = "<group>"; };
		2DB45E0923988715001834E7 /* AddItemView.swift */ = {isa = PBXFileReference; lastKnownFileType = sourcecode.swift; path = AddItemView.swift; sourceTree = "<group>"; };
		6A3B0C642398C28400EE10D6 /* SortType.swift */ = {isa = PBXFileReference; lastKnownFileType = sourcecode.swift; path = SortType.swift; sourceTree = "<group>"; };
		6A94BE7123B2F6B6009AB23A /* ItemTests.swift */ = {isa = PBXFileReference; lastKnownFileType = sourcecode.swift; path = ItemTests.swift; sourceTree = "<group>"; };
		6A94BE7323B2F888009AB23A /* AppActionTests.swift */ = {isa = PBXFileReference; lastKnownFileType = sourcecode.swift; path = AppActionTests.swift; sourceTree = "<group>"; };
		6A94BE7523B30075009AB23A /* AppStateTests.swift */ = {isa = PBXFileReference; lastKnownFileType = sourcecode.swift; path = AppStateTests.swift; sourceTree = "<group>"; };
		6A94BE7723B302D7009AB23A /* AppReducerTests.swift */ = {isa = PBXFileReference; lastKnownFileType = sourcecode.swift; path = AppReducerTests.swift; sourceTree = "<group>"; };
		6A94BE7923B320A4009AB23A /* AppStoreTests.swift */ = {isa = PBXFileReference; lastKnownFileType = sourcecode.swift; path = AppStoreTests.swift; sourceTree = "<group>"; };
/* End PBXFileReference section */

/* Begin PBXFrameworksBuildPhase section */
		2DB45DD2239873F5001834E7 /* Frameworks */ = {
			isa = PBXFrameworksBuildPhase;
			buildActionMask = 2147483647;
			files = (
			);
			runOnlyForDeploymentPostprocessing = 0;
		};
		2DB45DE8239873F7001834E7 /* Frameworks */ = {
			isa = PBXFrameworksBuildPhase;
			buildActionMask = 2147483647;
			files = (
			);
			runOnlyForDeploymentPostprocessing = 0;
		};
/* End PBXFrameworksBuildPhase section */

/* Begin PBXGroup section */
		2D3B5C7D2398A0FB00E3A615 /* Buttons */ = {
			isa = PBXGroup;
			children = (
				2D3B5C7923989E0000E3A615 /* AddButton.swift */,
			);
			path = Buttons;
			sourceTree = "<group>";
		};
		2D3B5C7E2398A10400E3A615 /* Extensions */ = {
			isa = PBXGroup;
			children = (
				2D23770A2398944E006CE122 /* Date+Extenstion.swift */,
			);
			path = Extensions;
			sourceTree = "<group>";
		};
		2D3B5C7F2398A11600E3A615 /* Views */ = {
			isa = PBXGroup;
			children = (
				2D3B5C7723989D4400E3A615 /* ItemListView.swift */,
				2DB45E0923988715001834E7 /* AddItemView.swift */,
				2DB45DDC239873F5001834E7 /* ContentView.swift */,
				2D237708239893EE006CE122 /* ItemView.swift */,
				2D3B5C7B23989E9C00E3A615 /* TrailingView.swift */,
			);
			path = Views;
			sourceTree = "<group>";
		};
		2D3B5C802398A12B00E3A615 /* Models */ = {
			isa = PBXGroup;
			children = (
				2DB45DFA2398746B001834E7 /* Item.swift */,
				2DB45DFC239874C4001834E7 /* Prority.swift */,
				6A3B0C642398C28400EE10D6 /* SortType.swift */,
			);
			path = Models;
			sourceTree = "<group>";
		};
		2DB45DCC239873F5001834E7 = {
			isa = PBXGroup;
			children = (
				2DB45DD7239873F5001834E7 /* shoppingList */,
				2DB45DEE239873F7001834E7 /* shoppingListTests */,
				2DB45DD6239873F5001834E7 /* Products */,
			);
			sourceTree = "<group>";
		};
		2DB45DD6239873F5001834E7 /* Products */ = {
			isa = PBXGroup;
			children = (
				2DB45DD5239873F5001834E7 /* shoppingList.app */,
				2DB45DEB239873F7001834E7 /* shoppingListTests.xctest */,
			);
			name = Products;
			sourceTree = "<group>";
		};
		2DB45DD7239873F5001834E7 /* shoppingList */ = {
			isa = PBXGroup;
			children = (
				2D3B5C802398A12B00E3A615 /* Models */,
				2D3B5C7F2398A11600E3A615 /* Views */,
				2D3B5C7E2398A10400E3A615 /* Extensions */,
				2D3B5C7D2398A0FB00E3A615 /* Buttons */,
				2DB45DFE23987508001834E7 /* Redux */,
				2DB45DD8239873F5001834E7 /* AppDelegate.swift */,
				2DB45DDA239873F5001834E7 /* SceneDelegate.swift */,
				2DB45DDE239873F7001834E7 /* Assets.xcassets */,
				2DB45DE3239873F7001834E7 /* LaunchScreen.storyboard */,
				2DB45DE6239873F7001834E7 /* Info.plist */,
				2DB45DE0239873F7001834E7 /* Preview Content */,
			);
			path = shoppingList;
			sourceTree = "<group>";
		};
		2DB45DE0239873F7001834E7 /* Preview Content */ = {
			isa = PBXGroup;
			children = (
				2DB45DE1239873F7001834E7 /* Preview Assets.xcassets */,
			);
			path = "Preview Content";
			sourceTree = "<group>";
		};
		2DB45DEE239873F7001834E7 /* shoppingListTests */ = {
			isa = PBXGroup;
			children = (
				2DB45DEF239873F7001834E7 /* shoppingListTests.swift */,
				2DB45DF1239873F7001834E7 /* Info.plist */,
				6A94BE7123B2F6B6009AB23A /* ItemTests.swift */,
				6A94BE7323B2F888009AB23A /* AppActionTests.swift */,
				6A94BE7523B30075009AB23A /* AppStateTests.swift */,
				6A94BE7723B302D7009AB23A /* AppReducerTests.swift */,
				6A94BE7923B320A4009AB23A /* AppStoreTests.swift */,
			);
			path = shoppingListTests;
			sourceTree = "<group>";
		};
		2DB45DFE23987508001834E7 /* Redux */ = {
			isa = PBXGroup;
			children = (
				2DB45DFF23987526001834E7 /* AppAction.swift */,
				2DB45E01239875EB001834E7 /* AppState.swift */,
				2DB45E0323987615001834E7 /* AppReducer.swift */,
				2DB45E0523987BFF001834E7 /* AppStore.swift */,
			);
			path = Redux;
			sourceTree = "<group>";
		};
/* End PBXGroup section */

/* Begin PBXNativeTarget section */
		2DB45DD4239873F5001834E7 /* shoppingList */ = {
			isa = PBXNativeTarget;
			buildConfigurationList = 2DB45DF4239873F7001834E7 /* Build configuration list for PBXNativeTarget "shoppingList" */;
			buildPhases = (
				2DB45DD1239873F5001834E7 /* Sources */,
				2DB45DD2239873F5001834E7 /* Frameworks */,
				2DB45DD3239873F5001834E7 /* Resources */,
			);
			buildRules = (
			);
			dependencies = (
			);
			name = shoppingList;
			productName = shoppingList;
			productReference = 2DB45DD5239873F5001834E7 /* shoppingList.app */;
			productType = "com.apple.product-type.application";
		};
		2DB45DEA239873F7001834E7 /* shoppingListTests */ = {
			isa = PBXNativeTarget;
			buildConfigurationList = 2DB45DF7239873F7001834E7 /* Build configuration list for PBXNativeTarget "shoppingListTests" */;
			buildPhases = (
				2DB45DE7239873F7001834E7 /* Sources */,
				2DB45DE8239873F7001834E7 /* Frameworks */,
				2DB45DE9239873F7001834E7 /* Resources */,
			);
			buildRules = (
			);
			dependencies = (
				2DB45DED239873F7001834E7 /* PBXTargetDependency */,
			);
			name = shoppingListTests;
			productName = shoppingListTests;
			productReference = 2DB45DEB239873F7001834E7 /* shoppingListTests.xctest */;
			productType = "com.apple.product-type.bundle.unit-test";
		};
/* End PBXNativeTarget section */

/* Begin PBXProject section */
		2DB45DCD239873F5001834E7 /* Project object */ = {
			isa = PBXProject;
			attributes = {
				LastSwiftUpdateCheck = 1120;
				LastUpgradeCheck = 1120;
				ORGANIZATIONNAME = "Damian Pasko";
				TargetAttributes = {
					2DB45DD4239873F5001834E7 = {
						CreatedOnToolsVersion = 11.2.1;
					};
					2DB45DEA239873F7001834E7 = {
						CreatedOnToolsVersion = 11.2.1;
						TestTargetID = 2DB45DD4239873F5001834E7;
					};
				};
			};
			buildConfigurationList = 2DB45DD0239873F5001834E7 /* Build configuration list for PBXProject "shoppingList" */;
			compatibilityVersion = "Xcode 9.3";
			developmentRegion = en;
			hasScannedForEncodings = 0;
			knownRegions = (
				en,
				Base,
			);
			mainGroup = 2DB45DCC239873F5001834E7;
			productRefGroup = 2DB45DD6239873F5001834E7 /* Products */;
			projectDirPath = "";
			projectRoot = "";
			targets = (
				2DB45DD4239873F5001834E7 /* shoppingList */,
				2DB45DEA239873F7001834E7 /* shoppingListTests */,
			);
		};
/* End PBXProject section */

/* Begin PBXResourcesBuildPhase section */
		2DB45DD3239873F5001834E7 /* Resources */ = {
			isa = PBXResourcesBuildPhase;
			buildActionMask = 2147483647;
			files = (
				2DB45DE5239873F7001834E7 /* LaunchScreen.storyboard in Resources */,
				2DB45DE2239873F7001834E7 /* Preview Assets.xcassets in Resources */,
				2DB45DDF239873F7001834E7 /* Assets.xcassets in Resources */,
			);
			runOnlyForDeploymentPostprocessing = 0;
		};
		2DB45DE9239873F7001834E7 /* Resources */ = {
			isa = PBXResourcesBuildPhase;
			buildActionMask = 2147483647;
			files = (
			);
			runOnlyForDeploymentPostprocessing = 0;
		};
/* End PBXResourcesBuildPhase section */

/* Begin PBXSourcesBuildPhase section */
		2DB45DD1239873F5001834E7 /* Sources */ = {
			isa = PBXSourcesBuildPhase;
			buildActionMask = 2147483647;
			files = (
				2DB45DFB2398746B001834E7 /* Item.swift in Sources */,
				2D3B5C7A23989E0000E3A615 /* AddButton.swift in Sources */,
				2D3B5C7823989D4400E3A615 /* ItemListView.swift in Sources */,
				6A3B0C652398C28400EE10D6 /* SortType.swift in Sources */,
				2DB45E0023987526001834E7 /* AppAction.swift in Sources */,
				2DB45E02239875EB001834E7 /* AppState.swift in Sources */,
				2DB45DFD239874C4001834E7 /* Prority.swift in Sources */,
				2DB45DD9239873F5001834E7 /* AppDelegate.swift in Sources */,
				2D237709239893EE006CE122 /* ItemView.swift in Sources */,
				2D3B5C7C23989E9C00E3A615 /* TrailingView.swift in Sources */,
				2D23770B2398944E006CE122 /* Date+Extenstion.swift in Sources */,
				2DB45DDB239873F5001834E7 /* SceneDelegate.swift in Sources */,
				2DB45E0623987BFF001834E7 /* AppStore.swift in Sources */,
				2DB45E0423987615001834E7 /* AppReducer.swift in Sources */,
				2DB45DDD239873F5001834E7 /* ContentView.swift in Sources */,
				2DB45E0A23988715001834E7 /* AddItemView.swift in Sources */,
			);
			runOnlyForDeploymentPostprocessing = 0;
		};
		2DB45DE7239873F7001834E7 /* Sources */ = {
			isa = PBXSourcesBuildPhase;
			buildActionMask = 2147483647;
			files = (
				6A94BE7223B2F6B6009AB23A /* ItemTests.swift in Sources */,
				6A94BE7423B2F888009AB23A /* AppActionTests.swift in Sources */,
				6A94BE7823B302D7009AB23A /* AppReducerTests.swift in Sources */,
				6A94BE7A23B320A4009AB23A /* AppStoreTests.swift in Sources */,
				2DB45DF0239873F7001834E7 /* shoppingListTests.swift in Sources */,
				6A94BE7623B30075009AB23A /* AppStateTests.swift in Sources */,
			);
			runOnlyForDeploymentPostprocessing = 0;
		};
/* End PBXSourcesBuildPhase section */

/* Begin PBXTargetDependency section */
		2DB45DED239873F7001834E7 /* PBXTargetDependency */ = {
			isa = PBXTargetDependency;
			target = 2DB45DD4239873F5001834E7 /* shoppingList */;
			targetProxy = 2DB45DEC239873F7001834E7 /* PBXContainerItemProxy */;
		};
/* End PBXTargetDependency section */

/* Begin PBXVariantGroup section */
		2DB45DE3239873F7001834E7 /* LaunchScreen.storyboard */ = {
			isa = PBXVariantGroup;
			children = (
				2DB45DE4239873F7001834E7 /* Base */,
			);
			name = LaunchScreen.storyboard;
			sourceTree = "<group>";
		};
/* End PBXVariantGroup section */

/* Begin XCBuildConfiguration section */
		2DB45DF2239873F7001834E7 /* Debug */ = {
			isa = XCBuildConfiguration;
			buildSettings = {
				ALWAYS_SEARCH_USER_PATHS = NO;
				CLANG_ANALYZER_NONNULL = YES;
				CLANG_ANALYZER_NUMBER_OBJECT_CONVERSION = YES_AGGRESSIVE;
				CLANG_CXX_LANGUAGE_STANDARD = "gnu++14";
				CLANG_CXX_LIBRARY = "libc++";
				CLANG_ENABLE_MODULES = YES;
				CLANG_ENABLE_OBJC_ARC = YES;
				CLANG_ENABLE_OBJC_WEAK = YES;
				CLANG_WARN_BLOCK_CAPTURE_AUTORELEASING = YES;
				CLANG_WARN_BOOL_CONVERSION = YES;
				CLANG_WARN_COMMA = YES;
				CLANG_WARN_CONSTANT_CONVERSION = YES;
				CLANG_WARN_DEPRECATED_OBJC_IMPLEMENTATIONS = YES;
				CLANG_WARN_DIRECT_OBJC_ISA_USAGE = YES_ERROR;
				CLANG_WARN_DOCUMENTATION_COMMENTS = YES;
				CLANG_WARN_EMPTY_BODY = YES;
				CLANG_WARN_ENUM_CONVERSION = YES;
				CLANG_WARN_INFINITE_RECURSION = YES;
				CLANG_WARN_INT_CONVERSION = YES;
				CLANG_WARN_NON_LITERAL_NULL_CONVERSION = YES;
				CLANG_WARN_OBJC_IMPLICIT_RETAIN_SELF = YES;
				CLANG_WARN_OBJC_LITERAL_CONVERSION = YES;
				CLANG_WARN_OBJC_ROOT_CLASS = YES_ERROR;
				CLANG_WARN_RANGE_LOOP_ANALYSIS = YES;
				CLANG_WARN_STRICT_PROTOTYPES = YES;
				CLANG_WARN_SUSPICIOUS_MOVE = YES;
				CLANG_WARN_UNGUARDED_AVAILABILITY = YES_AGGRESSIVE;
				CLANG_WARN_UNREACHABLE_CODE = YES;
				CLANG_WARN__DUPLICATE_METHOD_MATCH = YES;
				COPY_PHASE_STRIP = NO;
				DEBUG_INFORMATION_FORMAT = dwarf;
				ENABLE_STRICT_OBJC_MSGSEND = YES;
				ENABLE_TESTABILITY = YES;
				GCC_C_LANGUAGE_STANDARD = gnu11;
				GCC_DYNAMIC_NO_PIC = NO;
				GCC_NO_COMMON_BLOCKS = YES;
				GCC_OPTIMIZATION_LEVEL = 0;
				GCC_PREPROCESSOR_DEFINITIONS = (
					"DEBUG=1",
					"$(inherited)",
				);
				GCC_WARN_64_TO_32_BIT_CONVERSION = YES;
				GCC_WARN_ABOUT_RETURN_TYPE = YES_ERROR;
				GCC_WARN_UNDECLARED_SELECTOR = YES;
				GCC_WARN_UNINITIALIZED_AUTOS = YES_AGGRESSIVE;
				GCC_WARN_UNUSED_FUNCTION = YES;
				GCC_WARN_UNUSED_VARIABLE = YES;
				IPHONEOS_DEPLOYMENT_TARGET = 13.2;
				MTL_ENABLE_DEBUG_INFO = INCLUDE_SOURCE;
				MTL_FAST_MATH = YES;
				ONLY_ACTIVE_ARCH = YES;
				SDKROOT = iphoneos;
				SWIFT_ACTIVE_COMPILATION_CONDITIONS = DEBUG;
				SWIFT_OPTIMIZATION_LEVEL = "-Onone";
			};
			name = Debug;
		};
		2DB45DF3239873F7001834E7 /* Release */ = {
			isa = XCBuildConfiguration;
			buildSettings = {
				ALWAYS_SEARCH_USER_PATHS = NO;
				CLANG_ANALYZER_NONNULL = YES;
				CLANG_ANALYZER_NUMBER_OBJECT_CONVERSION = YES_AGGRESSIVE;
				CLANG_CXX_LANGUAGE_STANDARD = "gnu++14";
				CLANG_CXX_LIBRARY = "libc++";
				CLANG_ENABLE_MODULES = YES;
				CLANG_ENABLE_OBJC_ARC = YES;
				CLANG_ENABLE_OBJC_WEAK = YES;
				CLANG_WARN_BLOCK_CAPTURE_AUTORELEASING = YES;
				CLANG_WARN_BOOL_CONVERSION = YES;
				CLANG_WARN_COMMA = YES;
				CLANG_WARN_CONSTANT_CONVERSION = YES;
				CLANG_WARN_DEPRECATED_OBJC_IMPLEMENTATIONS = YES;
				CLANG_WARN_DIRECT_OBJC_ISA_USAGE = YES_ERROR;
				CLANG_WARN_DOCUMENTATION_COMMENTS = YES;
				CLANG_WARN_EMPTY_BODY = YES;
				CLANG_WARN_ENUM_CONVERSION = YES;
				CLANG_WARN_INFINITE_RECURSION = YES;
				CLANG_WARN_INT_CONVERSION = YES;
				CLANG_WARN_NON_LITERAL_NULL_CONVERSION = YES;
				CLANG_WARN_OBJC_IMPLICIT_RETAIN_SELF = YES;
				CLANG_WARN_OBJC_LITERAL_CONVERSION = YES;
				CLANG_WARN_OBJC_ROOT_CLASS = YES_ERROR;
				CLANG_WARN_RANGE_LOOP_ANALYSIS = YES;
				CLANG_WARN_STRICT_PROTOTYPES = YES;
				CLANG_WARN_SUSPICIOUS_MOVE = YES;
				CLANG_WARN_UNGUARDED_AVAILABILITY = YES_AGGRESSIVE;
				CLANG_WARN_UNREACHABLE_CODE = YES;
				CLANG_WARN__DUPLICATE_METHOD_MATCH = YES;
				COPY_PHASE_STRIP = NO;
				DEBUG_INFORMATION_FORMAT = "dwarf-with-dsym";
				ENABLE_NS_ASSERTIONS = NO;
				ENABLE_STRICT_OBJC_MSGSEND = YES;
				GCC_C_LANGUAGE_STANDARD = gnu11;
				GCC_NO_COMMON_BLOCKS = YES;
				GCC_WARN_64_TO_32_BIT_CONVERSION = YES;
				GCC_WARN_ABOUT_RETURN_TYPE = YES_ERROR;
				GCC_WARN_UNDECLARED_SELECTOR = YES;
				GCC_WARN_UNINITIALIZED_AUTOS = YES_AGGRESSIVE;
				GCC_WARN_UNUSED_FUNCTION = YES;
				GCC_WARN_UNUSED_VARIABLE = YES;
				IPHONEOS_DEPLOYMENT_TARGET = 13.2;
				MTL_ENABLE_DEBUG_INFO = NO;
				MTL_FAST_MATH = YES;
				SDKROOT = iphoneos;
				SWIFT_COMPILATION_MODE = wholemodule;
				SWIFT_OPTIMIZATION_LEVEL = "-O";
				VALIDATE_PRODUCT = YES;
			};
			name = Release;
		};
		2DB45DF5239873F7001834E7 /* Debug */ = {
			isa = XCBuildConfiguration;
			buildSettings = {
				ASSETCATALOG_COMPILER_APPICON_NAME = AppIcon;
				CODE_SIGN_STYLE = Automatic;
				DEVELOPMENT_ASSET_PATHS = "\"shoppingList/Preview Content\"";
				DEVELOPMENT_TEAM = CKTAY6L2JP;
				ENABLE_PREVIEWS = YES;
				INFOPLIST_FILE = shoppingList/Info.plist;
				LD_RUNPATH_SEARCH_PATHS = (
					"$(inherited)",
					"@executable_path/Frameworks",
				);
				PRODUCT_BUNDLE_IDENTIFIER = com.damianpasko.shoppingList;
				PRODUCT_NAME = "$(TARGET_NAME)";
				SWIFT_VERSION = 5.0;
				TARGETED_DEVICE_FAMILY = "1,2";
			};
			name = Debug;
		};
		2DB45DF6239873F7001834E7 /* Release */ = {
			isa = XCBuildConfiguration;
			buildSettings = {
				ASSETCATALOG_COMPILER_APPICON_NAME = AppIcon;
				CODE_SIGN_STYLE = Automatic;
				DEVELOPMENT_ASSET_PATHS = "\"shoppingList/Preview Content\"";
				DEVELOPMENT_TEAM = CKTAY6L2JP;
				ENABLE_PREVIEWS = YES;
				INFOPLIST_FILE = shoppingList/Info.plist;
				LD_RUNPATH_SEARCH_PATHS = (
					"$(inherited)",
					"@executable_path/Frameworks",
				);
				PRODUCT_BUNDLE_IDENTIFIER = com.damianpasko.shoppingList;
				PRODUCT_NAME = "$(TARGET_NAME)";
				SWIFT_VERSION = 5.0;
				TARGETED_DEVICE_FAMILY = "1,2";
			};
			name = Release;
		};
		2DB45DF8239873F7001834E7 /* Debug */ = {
			isa = XCBuildConfiguration;
			buildSettings = {
				ALWAYS_EMBED_SWIFT_STANDARD_LIBRARIES = YES;
				BUNDLE_LOADER = "$(TEST_HOST)";
				CODE_SIGN_STYLE = Automatic;
				DEVELOPMENT_TEAM = CKTAY6L2JP;
				INFOPLIST_FILE = shoppingListTests/Info.plist;
				IPHONEOS_DEPLOYMENT_TARGET = 13.2;
				LD_RUNPATH_SEARCH_PATHS = (
					"$(inherited)",
					"@executable_path/Frameworks",
					"@loader_path/Frameworks",
				);
				PRODUCT_BUNDLE_IDENTIFIER = com.damianpasko.shoppingListTests;
				PRODUCT_NAME = "$(TARGET_NAME)";
				SWIFT_VERSION = 5.0;
				TARGETED_DEVICE_FAMILY = "1,2";
				TEST_HOST = "$(BUILT_PRODUCTS_DIR)/shoppingList.app/shoppingList";
			};
			name = Debug;
		};
		2DB45DF9239873F7001834E7 /* Release */ = {
			isa = XCBuildConfiguration;
			buildSettings = {
				ALWAYS_EMBED_SWIFT_STANDARD_LIBRARIES = YES;
				BUNDLE_LOADER = "$(TEST_HOST)";
				CODE_SIGN_STYLE = Automatic;
				DEVELOPMENT_TEAM = CKTAY6L2JP;
				INFOPLIST_FILE = shoppingListTests/Info.plist;
				IPHONEOS_DEPLOYMENT_TARGET = 13.2;
				LD_RUNPATH_SEARCH_PATHS = (
					"$(inherited)",
					"@executable_path/Frameworks",
					"@loader_path/Frameworks",
				);
				PRODUCT_BUNDLE_IDENTIFIER = com.damianpasko.shoppingListTests;
				PRODUCT_NAME = "$(TARGET_NAME)";
				SWIFT_VERSION = 5.0;
				TARGETED_DEVICE_FAMILY = "1,2";
				TEST_HOST = "$(BUILT_PRODUCTS_DIR)/shoppingList.app/shoppingList";
			};
			name = Release;
		};
/* End XCBuildConfiguration section */

/* Begin XCConfigurationList section */
		2DB45DD0239873F5001834E7 /* Build configuration list for PBXProject "shoppingList" */ = {
			isa = XCConfigurationList;
			buildConfigurations = (
				2DB45DF2239873F7001834E7 /* Debug */,
				2DB45DF3239873F7001834E7 /* Release */,
			);
			defaultConfigurationIsVisible = 0;
			defaultConfigurationName = Release;
		};
		2DB45DF4239873F7001834E7 /* Build configuration list for PBXNativeTarget "shoppingList" */ = {
			isa = XCConfigurationList;
			buildConfigurations = (
				2DB45DF5239873F7001834E7 /* Debug */,
				2DB45DF6239873F7001834E7 /* Release */,
			);
			defaultConfigurationIsVisible = 0;
			defaultConfigurationName = Release;
		};
		2DB45DF7239873F7001834E7 /* Build configuration list for PBXNativeTarget "shoppingListTests" */ = {
			isa = XCConfigurationList;
			buildConfigurations = (
				2DB45DF8239873F7001834E7 /* Debug */,
				2DB45DF9239873F7001834E7 /* Release */,
			);
			defaultConfigurationIsVisible = 0;
			defaultConfigurationName = Release;
		};
/* End XCConfigurationList section */
	};
	rootObject = 2DB45DCD239873F5001834E7 /* Project object */;
}
